# fluxor.lock — generated, edit via `fluxor update`
# Pinned store artifacts: one [[artifact]] entry per resolved digest.

[[artifact]]
kind = "module"
name = "conn_demux"
project = "fluxor"
target = "bcm2712"
digest = "sha256:57d53c8cf77fc409cbf2fd8434534fdd7666397e485f80cea9a04af4e106d77a"
reference = "bcm2712/conn_demux:0.0.1"

[[artifact]]
kind = "module"
name = "conn_guard"
project = "fluxor"
target = "bcm2712"
digest = "sha256:2246bee7bbadd16c3222d37b48550a19c98363dd7402f97b278c7bc5a074d38e"
reference = "bcm2712/conn_guard:0.0.1"

[[artifact]]
kind = "module"
name = "debug"
project = "fluxor"
target = "bcm2712"
digest = "sha256:f9ed6368ec17069b9cca8fe7e214624b1d4d545ff0a86c697221606dc66142b5"
reference = "bcm2712/debug:0.0.1"

[[artifact]]
kind = "module"
name = "demux"
project = "fluxor"
target = "bcm2712"
digest = "sha256:9265db28af747993a2c69b2954abff6e8b142055fe767e13328daecea226e0b2"
reference = "bcm2712/demux:0.0.1"

[[artifact]]
kind = "module"
name = "dma_probe"
project = "fluxor"
target = "bcm2712"
digest = "sha256:018e8a381acf50f363130d5a381faa0d02741ca07413e1c400975cff1d40646b"
reference = "bcm2712/dma_probe:0.0.1"

[[artifact]]
kind = "module"
name = "dns"
project = "fluxor"
target = "bcm2712"
digest = "sha256:cedd48d2cdbf50754fb15daeb3467133113323c3fdff83e1efa5508cde5e612e"
reference = "bcm2712/dns:0.0.1"

[[artifact]]
kind = "module"
name = "e810"
project = "fluxor"
target = "bcm2712"
digest = "sha256:f78890e69106fbda2a1782b29f97429b83478a433756e0605d23e87ac8dafe2b"
reference = "bcm2712/e810:0.0.1"

[[artifact]]
kind = "module"
name = "echo_anchor"
project = "fluxor"
target = "bcm2712"
digest = "sha256:84e939d841352fdc1f0dbb97f3d045c8671cddb2d3166ef04fd76488b9bc8855"
reference = "bcm2712/echo_anchor:0.0.1"

[[artifact]]
kind = "module"
name = "echo_worker"
project = "fluxor"
target = "bcm2712"
digest = "sha256:cb5970d3a321ff4858b1f59c67d7488fc98a2a86b5b2356ac603fd5f0f217b9a"
reference = "bcm2712/echo_worker:0.0.1"

[[artifact]]
kind = "module"
name = "eth_parser"
project = "fluxor"
target = "bcm2712"
digest = "sha256:5ddc20032717f557a62668ba635b14be432beb147e6ec3fc2c9ca967006c74aa"
reference = "bcm2712/eth_parser:0.0.1"

[[artifact]]
kind = "module"
name = "fat32"
project = "fluxor"
target = "bcm2712"
digest = "sha256:86a22f979a59d2b66338f8556aa13437e6b5fd32ca424c10f8374f832a8f71ea"
reference = "bcm2712/fat32:0.0.1"

[[artifact]]
kind = "module"
name = "fat32_seed"
project = "fluxor"
target = "bcm2712"
digest = "sha256:4ffb9bd523a7923f58830ad1ee0a672f483938ba29e1355e4ea689e312fac4eb"
reference = "bcm2712/fat32_seed:0.0.1"

[[artifact]]
kind = "module"
name = "fs_bank"
project = "fluxor"
target = "bcm2712"
digest = "sha256:b9a43d8707dcb1d6c559ee781f675bae5fc82710cb9add395c781665bab82a5d"
reference = "bcm2712/fs_bank:0.0.1"

[[artifact]]
kind = "module"
name = "fs_bank"
project = "fluxor"
target = "wasm"
digest = "sha256:ac4dd89619766087e2bdd0a3718899247db7924e419a2b7eb2ea87cba0307394"
reference = "wasm/fs_bank:0.0.1"

[[artifact]]
kind = "module"
name = "fs_selftest"
project = "fluxor"
target = "bcm2712"
digest = "sha256:25c1ed5e08e3f964ff4e0ce3113f3bb85a8bdd2c0d6d403696b239917d31496e"
reference = "bcm2712/fs_selftest:0.0.1"

[[artifact]]
kind = "module"
name = "fs_tap"
project = "fluxor"
target = "bcm2712"
digest = "sha256:0ce7f499519a4e9ff587da86f9f67b89591ee54eb394debc3204fa83ee5d395a"
reference = "bcm2712/fs_tap:0.0.1"

[[artifact]]
kind = "module"
name = "gallery_stage"
project = "fluxor"
target = "bcm2712"
digest = "sha256:e3fba78c1433d7e68f97caee7115d4e42a5ba7c8f398fd1b65be26e63d8c8f0d"
reference = "bcm2712/gallery_stage:0.0.1"

[[artifact]]
kind = "module"
name = "gesture"
project = "fluxor"
target = "bcm2712"
digest = "sha256:24a2efe4941df52d7d070add0ca22398abcb33056ea3bc6d77bdfbb610189780"
reference = "bcm2712/gesture:0.0.1"

[[artifact]]
kind = "module"
name = "gesture"
project = "fluxor"
target = "wasm"
digest = "sha256:faafbe7c2889b62538551d6559303af11bfba5676137214dae07f9ca6efac0f3"
reference = "wasm/gesture:0.0.1"

[[artifact]]
kind = "module"
name = "ip"
project = "fluxor"
target = "bcm2712"
digest = "sha256:6eb6aebb355571ee92143572b801e8a7e0781be32407f360d268e50dd44aecb6"
reference = "bcm2712/ip:0.0.1"

[[artifact]]
kind = "module"
name = "iso_heap"
project = "fluxor"
target = "bcm2712"
digest = "sha256:57a65317c4cff39e9f25417f16da66e61d522d72d87e117b79728068211d0287"
reference = "bcm2712/iso_heap:0.0.1"

[[artifact]]
kind = "module"
name = "iso_probe"
project = "fluxor"
target = "bcm2712"
digest = "sha256:f4f2cdc859b5ea8f7f77c0092dcc9ff89dfb79d7c1ebf396837d6bdd40669d47"
reference = "bcm2712/iso_probe:0.0.1"

[[artifact]]
kind = "module"
name = "iso_transform"
project = "fluxor"
target = "bcm2712"
digest = "sha256:6a09d061934f36d7295d9e0ec6f2dd215fe1985fc6b56dbb166f356d93bba04f"
reference = "bcm2712/iso_transform:0.0.1"

[[artifact]]
kind = "module"
name = "kv_store"
project = "fluxor"
target = "bcm2712"
digest = "sha256:e315dc26ded4bcc3cd9a7395a0d399f2c2b205251055cd66680b1cbc328c9c5f"
reference = "bcm2712/kv_store:0.0.1"

[[artifact]]
kind = "module"
name = "load_gen"
project = "fluxor"
target = "bcm2712"
digest = "sha256:81abcc394f4b4ff25c60f2206a35888866123172df294792a719ca7da5ff183c"
reference = "bcm2712/load_gen:0.0.1"

[[artifact]]
kind = "module"
name = "log_net"
project = "fluxor"
target = "bcm2712"
digest = "sha256:56d51250a9d97ba90cb8813a0499bbe39ab267d9983a85bc477c5b6903a8c690"
reference = "bcm2712/log_net:0.0.1"

[[artifact]]
kind = "module"
name = "mem_ns"
project = "fluxor"
target = "bcm2712"
digest = "sha256:cf80d068d103ae791ed236da10f7640cac2542eafe78900f1df3973e47ffe68e"
reference = "bcm2712/mem_ns:0.0.1"

[[artifact]]
kind = "module"
name = "monitor"
project = "fluxor"
target = "bcm2712"
digest = "sha256:81287fd91bce9f7882397df481c8b7e8d3fe144c92f1cfc8104b2264c9e6caeb"
reference = "bcm2712/monitor:0.0.1"

[[artifact]]
kind = "module"
name = "mount"
project = "fluxor"
target = "bcm2712"
digest = "sha256:d47c93cdb575419d8225c6b5062407a6eccfc90fc55ec3867c97751cb7b25d0f"
reference = "bcm2712/mount:0.0.1"

[[artifact]]
kind = "module"
name = "mux_echo"
project = "fluxor"
target = "bcm2712"
digest = "sha256:19301621bc79d3d3242c2f2ffbf1bb74ec4ae9f629f81b9d3f861677aebba343"
reference = "bcm2712/mux_echo:0.0.1"

[[artifact]]
kind = "module"
name = "nvme"
project = "fluxor"
target = "bcm2712"
digest = "sha256:b19126b2a101fe39a862384933c37410b8622e39df2efe11114f7405b98e39f8"
reference = "bcm2712/nvme:0.0.1"

[[artifact]]
kind = "module"
name = "nvme_arena_probe"
project = "fluxor"
target = "bcm2712"
digest = "sha256:5a75fea062da64fd79432f6c8ac8d3b3c682cb569e4a037d39de53f718186de4"
reference = "bcm2712/nvme_arena_probe:0.0.1"

[[artifact]]
kind = "module"
name = "nvme_perf_probe"
project = "fluxor"
target = "bcm2712"
digest = "sha256:3408379593e8210d894ad42d42e55ede799972a9c2892ed7f8142cea58971267"
reference = "bcm2712/nvme_perf_probe:0.0.1"

[[artifact]]
kind = "module"
name = "object_bank"
project = "fluxor"
target = "bcm2712"
digest = "sha256:4642cfe807aeb82563ee30fc843cf13af359387037b2ca4de1d875695c201374"
reference = "bcm2712/object_bank:0.0.1"

[[artifact]]
kind = "module"
name = "object_bank"
project = "fluxor"
target = "wasm"
digest = "sha256:6071935c829ab2aff957853427bd908bbbdbbfe13a4180bee5f88a02a47c4b05"
reference = "wasm/object_bank:0.0.1"

[[artifact]]
kind = "module"
name = "observe"
project = "fluxor"
target = "bcm2712"
digest = "sha256:196a847e411412880af66381a155ee0bf1ae0612e9c2c50cd392a472aae39416"
reference = "bcm2712/observe:0.0.1"

[[artifact]]
kind = "module"
name = "ota_registry"
project = "fluxor"
target = "bcm2712"
digest = "sha256:d42d5fe97691268597f6fb188efcc3a878b8c9cd4fc399969851521d76c6c121"
reference = "bcm2712/ota_registry:0.0.1"

[[artifact]]
kind = "module"
name = "otel"
project = "fluxor"
target = "bcm2712"
digest = "sha256:ea6ed01d8fc9a4548fef699941832f8c94af0d3b0a3950dc18a06a7107929d6b"
reference = "bcm2712/otel:0.0.1"

[[artifact]]
kind = "module"
name = "panel_surface_traits"
project = "fluxor"
target = "bcm2712"
digest = "sha256:7a1e3c8e3590358bcfad693660ca907aa89340c1b550354eb2ae3432f89ae3f9"
reference = "bcm2712/panel_surface_traits:0.0.1"

[[artifact]]
kind = "module"
name = "pause_driver"
project = "fluxor"
target = "bcm2712"
digest = "sha256:10a050e3f3c1a2ce85d2fafb45c297ef8aa4b7db106d8623410ed2b8b35096de"
reference = "bcm2712/pause_driver:0.0.1"

[[artifact]]
kind = "module"
name = "pause_probe"
project = "fluxor"
target = "bcm2712"
digest = "sha256:d53b3f9b5e20e81f9e6dc074ad6fad729bde4102ebc2c7829735e2739ca46322"
reference = "bcm2712/pause_probe:0.0.1"

[[artifact]]
kind = "module"
name = "pcie_scan"
project = "fluxor"
target = "bcm2712"
digest = "sha256:e939b67e6a6b3c6c7d1d269cd2f5e69e43bcb52037ca34b959411f062fdfbde1"
reference = "bcm2712/pcie_scan:0.0.1"

[[artifact]]
kind = "module"
name = "pkt_filter"
project = "fluxor"
target = "bcm2712"
digest = "sha256:fa660f7a54ac952d0800b8bc4dbd2b40e9dabcd316025647fff2ab956124046a"
reference = "bcm2712/pkt_filter:0.0.1"

[[artifact]]
kind = "module"
name = "presentation_resolver"
project = "fluxor"
target = "bcm2712"
digest = "sha256:4b24bc7dec16d4eed83e11e8be2c9b1c93a438b926a9ae82b0f6d6df13477bc9"
reference = "bcm2712/presentation_resolver:0.0.1"

[[artifact]]
kind = "module"
name = "presentation_resolver"
project = "fluxor"
target = "wasm"
digest = "sha256:7e25613cce21aa3fc663d05ff3c2f3dc11b1228736f923431930031e0c85c31b"
reference = "wasm/presentation_resolver:0.0.1"

[[artifact]]
kind = "module"
name = "quic"
project = "fluxor"
target = "bcm2712"
digest = "sha256:b7bcccf65aad5eeea4c3968f90f1457ae08157388cfbe227d2c7b1a38d3328ee"
reference = "bcm2712/quic:0.0.1"

[[artifact]]
kind = "module"
name = "reconfigure"
project = "fluxor"
target = "bcm2712"
digest = "sha256:564bd1cc8492f4ec81fb98d645bab7d449556b00b725779aab217a2c5a0a0715"
reference = "bcm2712/reconfigure:0.0.1"

[[artifact]]
kind = "module"
name = "remote_channel"
project = "fluxor"
target = "bcm2712"
digest = "sha256:a1a5654c0aab829e132e39e6ceeeafe27a0ed9a97acbe17a568f5c5e227cefc9"
reference = "bcm2712/remote_channel:0.0.1"

[[artifact]]
kind = "module"
name = "remote_channel"
project = "fluxor"
target = "wasm"
digest = "sha256:60483979de222737604694b92d65b292358c73ba34f38f53eb02c60bb6430990"
reference = "wasm/remote_channel:0.0.1"

[[artifact]]
kind = "module"
name = "rp1_gem"
project = "fluxor"
target = "bcm2712"
digest = "sha256:016c14ee38533a955029621ec284fa6dab3838c5740d7e1ac19fdf25199910ab"
reference = "bcm2712/rp1_gem:0.0.1"

[[artifact]]
kind = "module"
name = "smmu"
project = "fluxor"
target = "bcm2712"
digest = "sha256:a8c93a3e1a084298471b4346e390b561a54b1cdc3ee34b9bf49c06d87bd4c642"
reference = "bcm2712/smmu:0.0.1"

[[artifact]]
kind = "module"
name = "synth_source"
project = "fluxor"
target = "bcm2712"
digest = "sha256:b6f0bd95769c5948b3509775e24b264a3854ecab52a00423d2250493e735fa0c"
reference = "bcm2712/synth_source:0.0.1"

[[artifact]]
kind = "module"
name = "test_fault"
project = "fluxor"
target = "bcm2712"
digest = "sha256:c0df8fd9407619019b2cccb6e4961c13fbbfba9ca58a9775effdc56b53cfce36"
reference = "bcm2712/test_fault:0.0.1"

[[artifact]]
kind = "module"
name = "tier2_probe"
project = "fluxor"
target = "bcm2712"
digest = "sha256:4d5acaa0ddab34eb4f8372b3da9ea6138efc5a16bf402794ffb102314b4b8651"
reference = "bcm2712/tier2_probe:0.0.1"

[[artifact]]
kind = "module"
name = "tls"
project = "fluxor"
target = "bcm2712"
digest = "sha256:3e14559740b9e2ce31d12b92bc19345447df2bcffc124177dab2cc4deec7d85e"
reference = "bcm2712/tls:0.0.1"

[[artifact]]
kind = "module"
name = "transport_buffer"
project = "fluxor"
target = "bcm2712"
digest = "sha256:1519d2fc37e6218a286b3bb07b13af454d788f4560aa5d13eb326b29123fd1fb"
reference = "bcm2712/transport_buffer:0.0.1"

[[artifact]]
kind = "module"
name = "usb_midi_host"
project = "fluxor"
target = "bcm2712"
digest = "sha256:43525e57c80889796f1c66b6ee3757d98bd3791a21c6ba9d5e0debd7b6ecf992"
reference = "bcm2712/usb_midi_host:0.0.1"

[[artifact]]
kind = "module"
name = "virtio_net"
project = "fluxor"
target = "bcm2712"
digest = "sha256:eb985e4871602fca7cf3e6e9013c797354907feb51c727e391b27c6eb5ed8515"
reference = "bcm2712/virtio_net:0.0.1"

[[artifact]]
kind = "module"
name = "wake_snk"
project = "fluxor"
target = "bcm2712"
digest = "sha256:6b2097948ae3a913d25021abcb031e2fce6f0211d37a4d24fa1677fd08fa4885"
reference = "bcm2712/wake_snk:0.0.1"

[[artifact]]
kind = "module"
name = "wake_src"
project = "fluxor"
target = "bcm2712"
digest = "sha256:5cec545de834dfb977c9d6138564c86dd7087fd2e11aad422285c5859e6c9921"
reference = "bcm2712/wake_src:0.0.1"

[[artifact]]
kind = "module"
name = "http"
project = "wave"
target = "bcm2712"
digest = "sha256:ba3ce3f2a5fffd7748c840d10d55e1f691a8a91cc62905b3b359f0fee72093ab"
reference = "bcm2712/http:0.0.1"

[[artifact]]
kind = "module"
name = "http-app"
project = "wave"
target = "bcm2712"
digest = "sha256:e52ae9c297cae60e28b49164a4e20f981f9955e4424a96620b8c0d965b2be516"
reference = "bcm2712/http-app:0.0.1"

[[artifact]]
kind = "module"
name = "http-exchange"
project = "wave"
target = "bcm2712"
digest = "sha256:3c0419605e16fc69572ff2ccab5c9c724be2dc4591ef066447445b8ef1d1d509"
reference = "bcm2712/http-exchange:0.0.1"

[[artifact]]
kind = "module"
name = "http-h2"
project = "wave"
target = "bcm2712"
digest = "sha256:591619bbc15e055f2c8076c08d66f843fe84e7b842cfd9d7fe3f898ed4a773f6"
reference = "bcm2712/http-h2:0.0.1"

[[artifact]]
kind = "module"
name = "http-web"
project = "wave"
target = "bcm2712"
digest = "sha256:3ae1fbbf6baf6982b77033012edb55c61063112d22a69fa3fcbc71403e3ecba1"
reference = "bcm2712/http-web:0.0.1"

[[artifact]]
kind = "module"
name = "http_echo_app"
project = "wave"
target = "bcm2712"
digest = "sha256:6496befe6ef4053d625849df9df45925d8416ca16a1ad5bf70dcd5f966f977cc"
reference = "bcm2712/http_echo_app:0.0.1"

[[artifact]]
kind = "module"
name = "jitter"
project = "wave"
target = "bcm2712"
digest = "sha256:faa1d7c96f3b7530c04afbe4c8787c301af32334a1ee7a7cdc0e2b7312b8f4e7"
reference = "bcm2712/jitter:0.0.1"

[[artifact]]
kind = "module"
name = "mail"
project = "wave"
target = "bcm2712"
digest = "sha256:bd4335ffa63404a7d0c4271052cee65438a13f2bc7bdc10d18d9388dfc7b6076"
reference = "bcm2712/mail:0.0.1"

[[artifact]]
kind = "module"
name = "rtp"
project = "wave"
target = "bcm2712"
digest = "sha256:ab5091e1652ea4b1a93f2994c3bb74c2fcf07fe08d76cee45822733446991e56"
reference = "bcm2712/rtp:0.0.1"

[[artifact]]
kind = "module"
name = "s3"
project = "wave"
target = "bcm2712"
digest = "sha256:ecc29501d75194fbbaceb9ec0b97f7e8e3b864a6e8da256419e980e429c4088b"
reference = "bcm2712/s3:0.0.1"

[[artifact]]
kind = "module"
name = "sip"
project = "wave"
target = "bcm2712"
digest = "sha256:0f6a31cdb26bc904c5b8cd724929f801879cd65b14cc4e3921926b1a0bf4f7cc"
reference = "bcm2712/sip:0.0.1"

[[artifact]]
kind = "module"
name = "smtp"
project = "wave"
target = "bcm2712"
digest = "sha256:f1ff1ee27fa35382984c5d400399ef54804c27dc442e7068bb9260a8adda5e54"
reference = "bcm2712/smtp:0.0.1"

[[artifact]]
kind = "module"
name = "stun"
project = "wave"
target = "bcm2712"
digest = "sha256:4a4e0d7522f9970c048674830a9296942f0f9d78a85ab972e8bd0032db862bf7"
reference = "bcm2712/stun:0.0.1"

[[artifact]]
kind = "module"
name = "websocket"
project = "wave"
target = "bcm2712"
digest = "sha256:201833c7d17455cb145e0d13ad1acdb2ef31ffabdc41a539b03bc7c2ff310e42"
reference = "bcm2712/websocket:0.0.1"

[[artifact]]
kind = "module"
name = "ws_stream"
project = "wave"
target = "bcm2712"
digest = "sha256:d024ffa38168d594ac37d2dd9e4783c00facecf4a3310b5a874a341bae77e18f"
reference = "bcm2712/ws_stream:0.0.1"

[[artifact]]
kind = "module"
name = "ws_stream"
project = "wave"
target = "wasm"
digest = "sha256:50f615df6c770dac6fa67a95bb3627cbcfc7e729a7d4dc42a995d34b3d22ef9f"
reference = "wasm/ws_stream:0.0.1"

[[artifact]]
kind = "runtime"
name = "fluxor"
project = "fluxor"
target = "aarch64-unknown-linux-gnu"
digest = "sha256:fb5a58a5e421089e7e31b3d597e8f746dd946c3b461815027703a9e876c2ed7e"
reference = "fluxor/run/fluxor-aarch64-unknown-linux-gnu:0.0.1"

[[artifact]]
kind = "runtime"
name = "fluxor-linux"
project = "fluxor"
target = "aarch64-unknown-linux-gnu"
digest = "sha256:cbf9ad5a3230ccf288fbbcf9a46d61a53d78c391b10e1c9fd38518598b691064"
reference = "fluxor/run/fluxor-linux-aarch64-unknown-linux-gnu:0.0.1"

[[artifact]]
kind = "source"
name = "fluxor-abi"
project = "fluxor"
digest = "sha256:13985478526e21e8e7575c577350c63e2411a7ad1a9db6824968a08f73229856"
reference = "fluxor/src/fluxor-abi:0.0.1"

[[artifact]]
kind = "source"
name = "fluxor-contracts"
project = "fluxor"
digest = "sha256:42e504c8aaa6f319094a9253f20ccf581f1adc9ca6ec687c8edc2bffff4b6a86"
reference = "fluxor/src/fluxor-contracts:0.0.1"

[[artifact]]
kind = "source"
name = "wave-common"
project = "wave"
digest = "sha256:460e35c0a936f6b92aca7d11f6d1b88b6df8ccbf62584ffa5021a915ffb7f2e1"
reference = "wave/src/wave-common:0.0.1"
